
Microsoft Visual Studio Solution File, Format Version 12.00
# Visual Studio 2012
Project("{FAE04EC0-301F-11D3-BF4B-00C04F79EFBC}") = "BlogData", "BlogData\BlogData.csproj", "{8A542D57-0037-4427-8C7C-72C7D8E94CB6}"
EndProject
Project("{FAE04EC0-301F-11D3-BF4B-00C04F79EFBC}") = "BlogServicesClient", "BlogServicesClient\BlogServicesClient.csproj", "{06000413-69ED-4E23-92C0-A814B50C3AE0}"
EndProject
Global
	GlobalSection(SolutionConfigurationPlatforms) = preSolution
		Debug|Any CPU = Debug|Any CPU
		Release|Any CPU = Release|Any CPU
	EndGlobalSection
	GlobalSection(ProjectConfigurationPlatforms) = postSolution
		{8A542D57-0037-4427-8C7C-72C7D8E94CB6}.Debug|Any CPU.ActiveCfg = Debug|Any CPU
		{8A542D57-0037-4427-8C7C-72C7D8E94CB6}.Debug|Any CPU.Build.0 = Debug|Any CPU
		{8A542D57-0037-4427-8C7C-72C7D8E94CB6}.Release|Any CPU.ActiveCfg = Release|Any CPU
		{8A542D57-0037-4427-8C7C-72C7D8E94CB6}.Release|Any CPU.Build.0 = Release|Any CPU
		{06000413-69ED-4E23-92C0-A814B50C3AE0}.Debug|Any CPU.ActiveCfg = Debug|Any CPU
		{06000413-69ED-4E23-92C0-A814B50C3AE0}.Debug|Any CPU.Build.0 = Debug|Any CPU
		{06000413-69ED-4E23-92C0-A814B50C3AE0}.Release|Any CPU.ActiveCfg = Release|Any CPU
		{06000413-69ED-4E23-92C0-A814B50C3AE0}.Release|Any CPU.Build.0 = Release|Any CPU
	EndGlobalSection
	GlobalSection(SolutionProperties) = preSolution
		HideSolutionNode = FALSE
	EndGlobalSection
EndGlobal
