
Microsoft Visual Studio Solution File, Format Version 12.00
# Visual Studio 2012
Project("{FAE04EC0-301F-11D3-BF4B-00C04F79EFBC}") = "01.Mustache", "01.Mustache\01.Mustache.csproj", "{AB774684-543D-48CF-97C9-C9A1F7A3F967}"
EndProject
Project("{FAE04EC0-301F-11D3-BF4B-00C04F79EFBC}") = "02.Master-detail", "02.Master-detail\02.Master-detail.csproj", "{5F05762E-3002-469F-9D3B-4C36BC93D401}"
EndProject
Project("{FAE04EC0-301F-11D3-BF4B-00C04F79EFBC}") = "02.Master-detailClient", "02.Master-detailClient\02.Master-detailClient.csproj", "{DBF1CB79-8AA0-47D4-BEC4-E359ED20B015}"
EndProject
Global
	GlobalSection(SolutionConfigurationPlatforms) = preSolution
		Debug|Any CPU = Debug|Any CPU
		Release|Any CPU = Release|Any CPU
	EndGlobalSection
	GlobalSection(ProjectConfigurationPlatforms) = postSolution
		{AB774684-543D-48CF-97C9-C9A1F7A3F967}.Debug|Any CPU.ActiveCfg = Debug|Any CPU
		{AB774684-543D-48CF-97C9-C9A1F7A3F967}.Debug|Any CPU.Build.0 = Debug|Any CPU
		{AB774684-543D-48CF-97C9-C9A1F7A3F967}.Release|Any CPU.ActiveCfg = Release|Any CPU
		{AB774684-543D-48CF-97C9-C9A1F7A3F967}.Release|Any CPU.Build.0 = Release|Any CPU
		{5F05762E-3002-469F-9D3B-4C36BC93D401}.Debug|Any CPU.ActiveCfg = Debug|Any CPU
		{5F05762E-3002-469F-9D3B-4C36BC93D401}.Debug|Any CPU.Build.0 = Debug|Any CPU
		{5F05762E-3002-469F-9D3B-4C36BC93D401}.Release|Any CPU.ActiveCfg = Release|Any CPU
		{5F05762E-3002-469F-9D3B-4C36BC93D401}.Release|Any CPU.Build.0 = Release|Any CPU
		{DBF1CB79-8AA0-47D4-BEC4-E359ED20B015}.Debug|Any CPU.ActiveCfg = Debug|Any CPU
		{DBF1CB79-8AA0-47D4-BEC4-E359ED20B015}.Debug|Any CPU.Build.0 = Debug|Any CPU
		{DBF1CB79-8AA0-47D4-BEC4-E359ED20B015}.Release|Any CPU.ActiveCfg = Release|Any CPU
		{DBF1CB79-8AA0-47D4-BEC4-E359ED20B015}.Release|Any CPU.Build.0 = Release|Any CPU
	EndGlobalSection
	GlobalSection(SolutionProperties) = preSolution
		HideSolutionNode = FALSE
	EndGlobalSection
EndGlobal
